// !$*UTF8*$!
{
	archiveVersion = 1;
	classes = {
	};
	objectVersion = 50;
	objects = {

/* Begin PBXBuildFile section */
		3F6B7D5F21EE591C00579586 /* ProductsPageViewController.swift in Sources */ = {isa = PBXBuildFile; fileRef = 3F6B7D5E21EE591C00579586 /* ProductsPageViewController.swift */; };
		3F6B7D6221EE61BD00579586 /* Storyboard+Utility.swift in Sources */ = {isa = PBXBuildFile; fileRef = 3F6B7D6121EE61BD00579586 /* Storyboard+Utility.swift */; };
		3F6B7D6421EE62B300579586 /* String+Utility.swift in Sources */ = {isa = PBXBuildFile; fileRef = 3F6B7D6321EE62B300579586 /* String+Utility.swift */; };
		3F6B7D6A21EE656800579586 /* ProductViewModel.swift in Sources */ = {isa = PBXBuildFile; fileRef = 3F6B7D6921EE656800579586 /* ProductViewModel.swift */; };
		3F6B7D6F21EE724900579586 /* ResourceURL.swift in Sources */ = {isa = PBXBuildFile; fileRef = 3F6B7D6E21EE724900579586 /* ResourceURL.swift */; };
		591F311E21C798A700DEBDE5 /* AppDelegate.swift in Sources */ = {isa = PBXBuildFile; fileRef = 591F311D21C798A700DEBDE5 /* AppDelegate.swift */; };
		591F312021C798A700DEBDE5 /* ProductListTableViewController.swift in Sources */ = {isa = PBXBuildFile; fileRef = 591F311F21C798A700DEBDE5 /* ProductListTableViewController.swift */; };
		591F312321C798A700DEBDE5 /* Main.storyboard in Resources */ = {isa = PBXBuildFile; fileRef = 591F312121C798A700DEBDE5 /* Main.storyboard */; };
		591F312821C798A800DEBDE5 /* Assets.xcassets in Resources */ = {isa = PBXBuildFile; fileRef = 591F312721C798A800DEBDE5 /* Assets.xcassets */; };
		591F312B21C798A800DEBDE5 /* LaunchScreen.storyboard in Resources */ = {isa = PBXBuildFile; fileRef = 591F312921C798A800DEBDE5 /* LaunchScreen.storyboard */; };
		591F315321C798DD00DEBDE5 /* NetworkManager.swift in Sources */ = {isa = PBXBuildFile; fileRef = 591F315221C798DD00DEBDE5 /* NetworkManager.swift */; };
		591F315521C7990500DEBDE5 /* Product.swift in Sources */ = {isa = PBXBuildFile; fileRef = 591F315421C7990500DEBDE5 /* Product.swift */; };
		591F315721C79A7600DEBDE5 /* ProductContainer.swift in Sources */ = {isa = PBXBuildFile; fileRef = 591F315621C79A7600DEBDE5 /* ProductContainer.swift */; };
		591F315921C79B9D00DEBDE5 /* ProductTableViewCell.swift in Sources */ = {isa = PBXBuildFile; fileRef = 591F315821C79B9D00DEBDE5 /* ProductTableViewCell.swift */; };
		591F315A21C79B9D00DEBDE5 /* ProductTableViewCell.swift in Sources */ = {isa = PBXBuildFile; fileRef = 591F315821C79B9D00DEBDE5 /* ProductTableViewCell.swift */; };
		591F315B21C79B9D00DEBDE5 /* ProductTableViewCell.swift in Sources */ = {isa = PBXBuildFile; fileRef = 591F315821C79B9D00DEBDE5 /* ProductTableViewCell.swift */; };
		591F316121C82CE200DEBDE5 /* ProductDetailsController.swift in Sources */ = {isa = PBXBuildFile; fileRef = 591F316021C82CE200DEBDE5 /* ProductDetailsController.swift */; };
		5C2468D521C935C80086CAAC /* ImageCache.swift in Sources */ = {isa = PBXBuildFile; fileRef = 5C2468D421C935C80086CAAC /* ImageCache.swift */; };
/* End PBXBuildFile section */

/* Begin PBXContainerItemProxy section */
		591F313221C798A800DEBDE5 /* PBXContainerItemProxy */ = {
			isa = PBXContainerItemProxy;
			containerPortal = 591F311221C798A600DEBDE5 /* Project object */;
			proxyType = 1;
			remoteGlobalIDString = 591F311921C798A700DEBDE5;
			remoteInfo = SamsClub;
		};
		591F313D21C798A800DEBDE5 /* PBXContainerItemProxy */ = {
			isa = PBXContainerItemProxy;
			containerPortal = 591F311221C798A600DEBDE5 /* Project object */;
			proxyType = 1;
			remoteGlobalIDString = 591F311921C798A700DEBDE5;
			remoteInfo = SamsClub;
		};
/* End PBXContainerItemProxy section */

/* Begin PBXFileReference section */
		3F6B7D5E21EE591C00579586 /* ProductsPageViewController.swift */ = {isa = PBXFileReference; fileEncoding = 4; lastKnownFileType = sourcecode.swift; path = ProductsPageViewController.swift; sourceTree = "<group>"; };
		3F6B7D6121EE61BD00579586 /* Storyboard+Utility.swift */ = {isa = PBXFileReference; lastKnownFileType = sourcecode.swift; path = "Storyboard+Utility.swift"; sourceTree = "<group>"; };
		3F6B7D6321EE62B300579586 /* String+Utility.swift */ = {isa = PBXFileReference; lastKnownFileType = sourcecode.swift; path = "String+Utility.swift"; sourceTree = "<group>"; };
		3F6B7D6921EE656800579586 /* ProductViewModel.swift */ = {isa = PBXFileReference; fileEncoding = 4; lastKnownFileType = sourcecode.swift; path = ProductViewModel.swift; sourceTree = "<group>"; };
		3F6B7D6E21EE724900579586 /* ResourceURL.swift */ = {isa = PBXFileReference; lastKnownFileType = sourcecode.swift; path = ResourceURL.swift; sourceTree = "<group>"; };
		591F311A21C798A700DEBDE5 /* SamsClub.app */ = {isa = PBXFileReference; explicitFileType = wrapper.application; includeInIndex = 0; path = SamsClub.app; sourceTree = BUILT_PRODUCTS_DIR; };
		591F311D21C798A700DEBDE5 /* AppDelegate.swift */ = {isa = PBXFileReference; lastKnownFileType = sourcecode.swift; path = AppDelegate.swift; sourceTree = "<group>"; };
		591F311F21C798A700DEBDE5 /* ProductListTableViewController.swift */ = {isa = PBXFileReference; lastKnownFileType = sourcecode.swift; path = ProductListTableViewController.swift; sourceTree = "<group>"; };
		591F312221C798A700DEBDE5 /* Base */ = {isa = PBXFileReference; lastKnownFileType = file.storyboard; name = Base; path = Base.lproj/Main.storyboard; sourceTree = "<group>"; };
		591F312721C798A800DEBDE5 /* Assets.xcassets */ = {isa = PBXFileReference; lastKnownFileType = folder.assetcatalog; path = Assets.xcassets; sourceTree = "<group>"; };
		591F312A21C798A800DEBDE5 /* Base */ = {isa = PBXFileReference; lastKnownFileType = file.storyboard; name = Base; path = Base.lproj/LaunchScreen.storyboard; sourceTree = "<group>"; };
		591F312C21C798A800DEBDE5 /* Info.plist */ = {isa = PBXFileReference; lastKnownFileType = text.plist.xml; path = Info.plist; sourceTree = "<group>"; };
		591F313121C798A800DEBDE5 /* SamsClubTests.xctest */ = {isa = PBXFileReference; explicitFileType = wrapper.cfbundle; includeInIndex = 0; path = SamsClubTests.xctest; sourceTree = BUILT_PRODUCTS_DIR; };
		591F313C21C798A800DEBDE5 /* SamsClubUITests.xctest */ = {isa = PBXFileReference; explicitFileType = wrapper.cfbundle; includeInIndex = 0; path = SamsClubUITests.xctest; sourceTree = BUILT_PRODUCTS_DIR; };
		591F315221C798DD00DEBDE5 /* NetworkManager.swift */ = {isa = PBXFileReference; lastKnownFileType = sourcecode.swift; path = NetworkManager.swift; sourceTree = "<group>"; };
		591F315421C7990500DEBDE5 /* Product.swift */ = {isa = PBXFileReference; lastKnownFileType = sourcecode.swift; path = Product.swift; sourceTree = "<group>"; };
		591F315621C79A7600DEBDE5 /* ProductContainer.swift */ = {isa = PBXFileReference; lastKnownFileType = sourcecode.swift; path = ProductContainer.swift; sourceTree = "<group>"; };
		591F315821C79B9D00DEBDE5 /* ProductTableViewCell.swift */ = {isa = PBXFileReference; lastKnownFileType = sourcecode.swift; path = ProductTableViewCell.swift; sourceTree = "<group>"; };
		591F316021C82CE200DEBDE5 /* ProductDetailsController.swift */ = {isa = PBXFileReference; lastKnownFileType = sourcecode.swift; path = ProductDetailsController.swift; sourceTree = "<group>"; };
		5C2468D421C935C80086CAAC /* ImageCache.swift */ = {isa = PBXFileReference; lastKnownFileType = sourcecode.swift; path = ImageCache.swift; sourceTree = "<group>"; };
/* End PBXFileReference section */

/* Begin PBXFrameworksBuildPhase section */
		591F311721C798A700DEBDE5 /* Frameworks */ = {
			isa = PBXFrameworksBuildPhase;
			buildActionMask = 2147483647;
			files = (
			);
			runOnlyForDeploymentPostprocessing = 0;
		};
		591F312E21C798A800DEBDE5 /* Frameworks */ = {
			isa = PBXFrameworksBuildPhase;
			buildActionMask = 2147483647;
			files = (
			);
			runOnlyForDeploymentPostprocessing = 0;
		};
		591F313921C798A800DEBDE5 /* Frameworks */ = {
			isa = PBXFrameworksBuildPhase;
			buildActionMask = 2147483647;
			files = (
			);
			runOnlyForDeploymentPostprocessing = 0;
		};
/* End PBXFrameworksBuildPhase section */

/* Begin PBXGroup section */
		3F6B7D5D21EE575D00579586 /* Storyboards */ = {
			isa = PBXGroup;
			children = (
				591F312121C798A700DEBDE5 /* Main.storyboard */,
			);
			path = Storyboards;
			sourceTree = "<group>";
		};
		3F6B7D6521EE64A100579586 /* Managers */ = {
			isa = PBXGroup;
			children = (
				591F315221C798DD00DEBDE5 /* NetworkManager.swift */,
			);
			path = Managers;
			sourceTree = "<group>";
		};
		3F6B7D6621EE64AC00579586 /* ViewModels */ = {
			isa = PBXGroup;
			children = (
				3F6B7D6921EE656800579586 /* ProductViewModel.swift */,
			);
			path = ViewModels;
			sourceTree = "<group>";
		};
		3F6B7D6B21EE657D00579586 /* Custom Views */ = {
			isa = PBXGroup;
			children = (
				591F315821C79B9D00DEBDE5 /* ProductTableViewCell.swift */,
			);
			path = "Custom Views";
			sourceTree = "<group>";
		};
		3F6B7D6D21EE723D00579586 /* Constants */ = {
			isa = PBXGroup;
			children = (
				3F6B7D6E21EE724900579586 /* ResourceURL.swift */,
			);
			path = Constants;
			sourceTree = "<group>";
		};
		591F311121C798A600DEBDE5 = {
			isa = PBXGroup;
			children = (
				591F311C21C798A700DEBDE5 /* SamsClub */,
				591F311B21C798A700DEBDE5 /* Products */,
			);
			sourceTree = "<group>";
		};
		591F311B21C798A700DEBDE5 /* Products */ = {
			isa = PBXGroup;
			children = (
				591F311A21C798A700DEBDE5 /* SamsClub.app */,
				591F313121C798A800DEBDE5 /* SamsClubTests.xctest */,
				591F313C21C798A800DEBDE5 /* SamsClubUITests.xctest */,
			);
			name = Products;
			sourceTree = "<group>";
		};
		591F311C21C798A700DEBDE5 /* SamsClub */ = {
			isa = PBXGroup;
			children = (
				3F6B7D6D21EE723D00579586 /* Constants */,
				591F315121C798C700DEBDE5 /* Helpers */,
				3F6B7D6521EE64A100579586 /* Managers */,
				591F314E21C798B000DEBDE5 /* Models */,
				3F6B7D6621EE64AC00579586 /* ViewModels */,
				591F314F21C798B600DEBDE5 /* Views */,
				591F311D21C798A700DEBDE5 /* AppDelegate.swift */,
				591F312721C798A800DEBDE5 /* Assets.xcassets */,
				591F312921C798A800DEBDE5 /* LaunchScreen.storyboard */,
				591F312C21C798A800DEBDE5 /* Info.plist */,
			);
			path = SamsClub;
			sourceTree = "<group>";
		};
		591F314E21C798B000DEBDE5 /* Models */ = {
			isa = PBXGroup;
			children = (
				591F315421C7990500DEBDE5 /* Product.swift */,
				591F315621C79A7600DEBDE5 /* ProductContainer.swift */,
			);
			path = Models;
			sourceTree = "<group>";
		};
		591F314F21C798B600DEBDE5 /* Views */ = {
			isa = PBXGroup;
			children = (
				3F6B7D6B21EE657D00579586 /* Custom Views */,
				591F315021C798BF00DEBDE5 /* Controllers */,
				3F6B7D5D21EE575D00579586 /* Storyboards */,
			);
			path = Views;
			sourceTree = "<group>";
		};
		591F315021C798BF00DEBDE5 /* Controllers */ = {
			isa = PBXGroup;
			children = (
				591F311F21C798A700DEBDE5 /* ProductListTableViewController.swift */,
				591F316021C82CE200DEBDE5 /* ProductDetailsController.swift */,
				3F6B7D5E21EE591C00579586 /* ProductsPageViewController.swift */,
			);
			path = Controllers;
			sourceTree = "<group>";
		};
		591F315121C798C700DEBDE5 /* Helpers */ = {
			isa = PBXGroup;
			children = (
				3F6B7D6121EE61BD00579586 /* Storyboard+Utility.swift */,
				5C2468D421C935C80086CAAC /* ImageCache.swift */,
				3F6B7D6321EE62B300579586 /* String+Utility.swift */,
			);
			path = Helpers;
			sourceTree = "<group>";
		};
/* End PBXGroup section */

/* Begin PBXNativeTarget section */
		591F311921C798A700DEBDE5 /* SamsClub */ = {
			isa = PBXNativeTarget;
			buildConfigurationList = 591F314521C798A800DEBDE5 /* Build configuration list for PBXNativeTarget "SamsClub" */;
			buildPhases = (
				591F311621C798A700DEBDE5 /* Sources */,
				591F311721C798A700DEBDE5 /* Frameworks */,
				591F311821C798A700DEBDE5 /* Resources */,
			);
			buildRules = (
			);
			dependencies = (
			);
			name = SamsClub;
			productName = SamsClub;
			productReference = 591F311A21C798A700DEBDE5 /* SamsClub.app */;
			productType = "com.apple.product-type.application";
		};
		591F313021C798A800DEBDE5 /* SamsClubTests */ = {
			isa = PBXNativeTarget;
			buildConfigurationList = 591F314821C798A800DEBDE5 /* Build configuration list for PBXNativeTarget "SamsClubTests" */;
			buildPhases = (
				591F312D21C798A800DEBDE5 /* Sources */,
				591F312E21C798A800DEBDE5 /* Frameworks */,
				591F312F21C798A800DEBDE5 /* Resources */,
			);
			buildRules = (
			);
			dependencies = (
				591F313321C798A800DEBDE5 /* PBXTargetDependency */,
			);
			name = SamsClubTests;
			productName = SamsClubTests;
			productReference = 591F313121C798A800DEBDE5 /* SamsClubTests.xctest */;
			productType = "com.apple.product-type.bundle.unit-test";
		};
		591F313B21C798A800DEBDE5 /* SamsClubUITests */ = {
			isa = PBXNativeTarget;
			buildConfigurationList = 591F314B21C798A800DEBDE5 /* Build configuration list for PBXNativeTarget "SamsClubUITests" */;
			buildPhases = (
				591F313821C798A800DEBDE5 /* Sources */,
				591F313921C798A800DEBDE5 /* Frameworks */,
				591F313A21C798A800DEBDE5 /* Resources */,
			);
			buildRules = (
			);
			dependencies = (
				591F313E21C798A800DEBDE5 /* PBXTargetDependency */,
			);
			name = SamsClubUITests;
			productName = SamsClubUITests;
			productReference = 591F313C21C798A800DEBDE5 /* SamsClubUITests.xctest */;
			productType = "com.apple.product-type.bundle.ui-testing";
		};
/* End PBXNativeTarget section */

/* Begin PBXProject section */
		591F311221C798A600DEBDE5 /* Project object */ = {
			isa = PBXProject;
			attributes = {
				LastSwiftUpdateCheck = 1010;
				LastUpgradeCheck = 1010;
				ORGANIZATIONNAME = "Armando Gonzalez";
				TargetAttributes = {
					591F311921C798A700DEBDE5 = {
						CreatedOnToolsVersion = 10.1;
					};
					591F313021C798A800DEBDE5 = {
						CreatedOnToolsVersion = 10.1;
						TestTargetID = 591F311921C798A700DEBDE5;
					};
					591F313B21C798A800DEBDE5 = {
						CreatedOnToolsVersion = 10.1;
						TestTargetID = 591F311921C798A700DEBDE5;
					};
				};
			};
			buildConfigurationList = 591F311521C798A600DEBDE5 /* Build configuration list for PBXProject "SamsClub" */;
			compatibilityVersion = "Xcode 9.3";
			developmentRegion = en;
			hasScannedForEncodings = 0;
			knownRegions = (
				en,
				Base,
			);
			mainGroup = 591F311121C798A600DEBDE5;
			productRefGroup = 591F311B21C798A700DEBDE5 /* Products */;
			projectDirPath = "";
			projectRoot = "";
			targets = (
				591F311921C798A700DEBDE5 /* SamsClub */,
				591F313021C798A800DEBDE5 /* SamsClubTests */,
				591F313B21C798A800DEBDE5 /* SamsClubUITests */,
			);
		};
/* End PBXProject section */

/* Begin PBXResourcesBuildPhase section */
		591F311821C798A700DEBDE5 /* Resources */ = {
			isa = PBXResourcesBuildPhase;
			buildActionMask = 2147483647;
			files = (
				591F312B21C798A800DEBDE5 /* LaunchScreen.storyboard in Resources */,
				591F312821C798A800DEBDE5 /* Assets.xcassets in Resources */,
				591F312321C798A700DEBDE5 /* Main.storyboard in Resources */,
			);
			runOnlyForDeploymentPostprocessing = 0;
		};
		591F312F21C798A800DEBDE5 /* Resources */ = {
			isa = PBXResourcesBuildPhase;
			buildActionMask = 2147483647;
			files = (
			);
			runOnlyForDeploymentPostprocessing = 0;
		};
		591F313A21C798A800DEBDE5 /* Resources */ = {
			isa = PBXResourcesBuildPhase;
			buildActionMask = 2147483647;
			files = (
			);
			runOnlyForDeploymentPostprocessing = 0;
		};
/* End PBXResourcesBuildPhase section */

/* Begin PBXSourcesBuildPhase section */
		591F311621C798A700DEBDE5 /* Sources */ = {
			isa = PBXSourcesBuildPhase;
			buildActionMask = 2147483647;
			files = (
				3F6B7D5F21EE591C00579586 /* ProductsPageViewController.swift in Sources */,
				591F315321C798DD00DEBDE5 /* NetworkManager.swift in Sources */,
				3F6B7D6A21EE656800579586 /* ProductViewModel.swift in Sources */,
				591F312021C798A700DEBDE5 /* ProductListTableViewController.swift in Sources */,
				5C2468D521C935C80086CAAC /* ImageCache.swift in Sources */,
				591F315521C7990500DEBDE5 /* Product.swift in Sources */,
				591F316121C82CE200DEBDE5 /* ProductDetailsController.swift in Sources */,
				591F311E21C798A700DEBDE5 /* AppDelegate.swift in Sources */,
				591F315921C79B9D00DEBDE5 /* ProductTableViewCell.swift in Sources */,
				3F6B7D6F21EE724900579586 /* ResourceURL.swift in Sources */,
				3F6B7D6421EE62B300579586 /* String+Utility.swift in Sources */,
				591F315721C79A7600DEBDE5 /* ProductContainer.swift in Sources */,
				3F6B7D6221EE61BD00579586 /* Storyboard+Utility.swift in Sources */,
			);
			runOnlyForDeploymentPostprocessing = 0;
		};
		591F312D21C798A800DEBDE5 /* Sources */ = {
			isa = PBXSourcesBuildPhase;
			buildActionMask = 2147483647;
			files = (
				591F315A21C79B9D00DEBDE5 /* ProductTableViewCell.swift in Sources */,
			);
			runOnlyForDeploymentPostprocessing = 0;
		};
		591F313821C798A800DEBDE5 /* Sources */ = {
			isa = PBXSourcesBuildPhase;
			buildActionMask = 2147483647;
			files = (
				591F315B21C79B9D00DEBDE5 /* ProductTableViewCell.swift in Sources */,
			);
			runOnlyForDeploymentPostprocessing = 0;
		};
/* End PBXSourcesBuildPhase section */

/* Begin PBXTargetDependency section */
		591F313321C798A800DEBDE5 /* PBXTargetDependency */ = {
			isa = PBXTargetDependency;
			target = 591F311921C798A700DEBDE5 /* SamsClub */;
			targetProxy = 591F313221C798A800DEBDE5 /* PBXContainerItemProxy */;
		};
		591F313E21C798A800DEBDE5 /* PBXTargetDependency */ = {
			isa = PBXTargetDependency;
			target = 591F311921C798A700DEBDE5 /* SamsClub */;
			targetProxy = 591F313D21C798A800DEBDE5 /* PBXContainerItemProxy */;
		};
/* End PBXTargetDependency section */

/* Begin PBXVariantGroup section */
		591F312121C798A700DEBDE5 /* Main.storyboard */ = {
			isa = PBXVariantGroup;
			children = (
				591F312221C798A700DEBDE5 /* Base */,
			);
			name = Main.storyboard;
			sourceTree = "<group>";
		};
		591F312921C798A800DEBDE5 /* LaunchScreen.storyboard */ = {
			isa = PBXVariantGroup;
			children = (
				591F312A21C798A800DEBDE5 /* Base */,
			);
			name = LaunchScreen.storyboard;
			sourceTree = "<group>";
		};
/* End PBXVariantGroup section */

/* Begin XCBuildConfiguration section */
		591F314321C798A800DEBDE5 /* Debug */ = {
			isa = XCBuildConfiguration;
			buildSettings = {
				ALWAYS_SEARCH_USER_PATHS = NO;
				CLANG_ANALYZER_NONNULL = YES;
				CLANG_ANALYZER_NUMBER_OBJECT_CONVERSION = YES_AGGRESSIVE;
				CLANG_CXX_LANGUAGE_STANDARD = "gnu++14";
				CLANG_CXX_LIBRARY = "libc++";
				CLANG_ENABLE_MODULES = YES;
				CLANG_ENABLE_OBJC_ARC = YES;
				CLANG_ENABLE_OBJC_WEAK = YES;
				CLANG_WARN_BLOCK_CAPTURE_AUTORELEASING = YES;
				CLANG_WARN_BOOL_CONVERSION = YES;
				CLANG_WARN_COMMA = YES;
				CLANG_WARN_CONSTANT_CONVERSION = YES;
				CLANG_WARN_DEPRECATED_OBJC_IMPLEMENTATIONS = YES;
				CLANG_WARN_DIRECT_OBJC_ISA_USAGE = YES_ERROR;
				CLANG_WARN_DOCUMENTATION_COMMENTS = YES;
				CLANG_WARN_EMPTY_BODY = YES;
				CLANG_WARN_ENUM_CONVERSION = YES;
				CLANG_WARN_INFINITE_RECURSION = YES;
				CLANG_WARN_INT_CONVERSION = YES;
				CLANG_WARN_NON_LITERAL_NULL_CONVERSION = YES;
				CLANG_WARN_OBJC_IMPLICIT_RETAIN_SELF = YES;
				CLANG_WARN_OBJC_LITERAL_CONVERSION = YES;
				CLANG_WARN_OBJC_ROOT_CLASS = YES_ERROR;
				CLANG_WARN_RANGE_LOOP_ANALYSIS = YES;
				CLANG_WARN_STRICT_PROTOTYPES = YES;
				CLANG_WARN_SUSPICIOUS_MOVE = YES;
				CLANG_WARN_UNGUARDED_AVAILABILITY = YES_AGGRESSIVE;
				CLANG_WARN_UNREACHABLE_CODE = YES;
				CLANG_WARN__DUPLICATE_METHOD_MATCH = YES;
				CODE_SIGN_IDENTITY = "iPhone Developer";
				COPY_PHASE_STRIP = NO;
				DEBUG_INFORMATION_FORMAT = dwarf;
				ENABLE_STRICT_OBJC_MSGSEND = YES;
				ENABLE_TESTABILITY = YES;
				GCC_C_LANGUAGE_STANDARD = gnu11;
				GCC_DYNAMIC_NO_PIC = NO;
				GCC_NO_COMMON_BLOCKS = YES;
				GCC_OPTIMIZATION_LEVEL = 0;
				GCC_PREPROCESSOR_DEFINITIONS = (
					"DEBUG=1",
					"$(inherited)",
				);
				GCC_WARN_64_TO_32_BIT_CONVERSION = YES;
				GCC_WARN_ABOUT_RETURN_TYPE = YES_ERROR;
				GCC_WARN_UNDECLARED_SELECTOR = YES;
				GCC_WARN_UNINITIALIZED_AUTOS = YES_AGGRESSIVE;
				GCC_WARN_UNUSED_FUNCTION = YES;
				GCC_WARN_UNUSED_VARIABLE = YES;
				IPHONEOS_DEPLOYMENT_TARGET = 10.0;
				MTL_ENABLE_DEBUG_INFO = INCLUDE_SOURCE;
				MTL_FAST_MATH = YES;
				ONLY_ACTIVE_ARCH = YES;
				SDKROOT = iphoneos;
				SWIFT_ACTIVE_COMPILATION_CONDITIONS = DEBUG;
				SWIFT_OPTIMIZATION_LEVEL = "-Onone";
			};
			name = Debug;
		};
		591F314421C798A800DEBDE5 /* Release */ = {
			isa = XCBuildConfiguration;
			buildSettings = {
				ALWAYS_SEARCH_USER_PATHS = NO;
				CLANG_ANALYZER_NONNULL = YES;
				CLANG_ANALYZER_NUMBER_OBJECT_CONVERSION = YES_AGGRESSIVE;
				CLANG_CXX_LANGUAGE_STANDARD = "gnu++14";
				CLANG_CXX_LIBRARY = "libc++";
				CLANG_ENABLE_MODULES = YES;
				CLANG_ENABLE_OBJC_ARC = YES;
				CLANG_ENABLE_OBJC_WEAK = YES;
				CLANG_WARN_BLOCK_CAPTURE_AUTORELEASING = YES;
				CLANG_WARN_BOOL_CONVERSION = YES;
				CLANG_WARN_COMMA = YES;
				CLANG_WARN_CONSTANT_CONVERSION = YES;
				CLANG_WARN_DEPRECATED_OBJC_IMPLEMENTATIONS = YES;
				CLANG_WARN_DIRECT_OBJC_ISA_USAGE = YES_ERROR;
				CLANG_WARN_DOCUMENTATION_COMMENTS = YES;
				CLANG_WARN_EMPTY_BODY = YES;
				CLANG_WARN_ENUM_CONVERSION = YES;
				CLANG_WARN_INFINITE_RECURSION = YES;
				CLANG_WARN_INT_CONVERSION = YES;
				CLANG_WARN_NON_LITERAL_NULL_CONVERSION = YES;
				CLANG_WARN_OBJC_IMPLICIT_RETAIN_SELF = YES;
				CLANG_WARN_OBJC_LITERAL_CONVERSION = YES;
				CLANG_WARN_OBJC_ROOT_CLASS = YES_ERROR;
				CLANG_WARN_RANGE_LOOP_ANALYSIS = YES;
				CLANG_WARN_STRICT_PROTOTYPES = YES;
				CLANG_WARN_SUSPICIOUS_MOVE = YES;
				CLANG_WARN_UNGUARDED_AVAILABILITY = YES_AGGRESSIVE;
				CLANG_WARN_UNREACHABLE_CODE = YES;
				CLANG_WARN__DUPLICATE_METHOD_MATCH = YES;
				CODE_SIGN_IDENTITY = "iPhone Developer";
				COPY_PHASE_STRIP = NO;
				DEBUG_INFORMATION_FORMAT = "dwarf-with-dsym";
				ENABLE_NS_ASSERTIONS = NO;
				ENABLE_STRICT_OBJC_MSGSEND = YES;
				GCC_C_LANGUAGE_STANDARD = gnu11;
				GCC_NO_COMMON_BLOCKS = YES;
				GCC_WARN_64_TO_32_BIT_CONVERSION = YES;
				GCC_WARN_ABOUT_RETURN_TYPE = YES_ERROR;
				GCC_WARN_UNDECLARED_SELECTOR = YES;
				GCC_WARN_UNINITIALIZED_AUTOS = YES_AGGRESSIVE;
				GCC_WARN_UNUSED_FUNCTION = YES;
				GCC_WARN_UNUSED_VARIABLE = YES;
				IPHONEOS_DEPLOYMENT_TARGET = 10.0;
				MTL_ENABLE_DEBUG_INFO = NO;
				MTL_FAST_MATH = YES;
				SDKROOT = iphoneos;
				SWIFT_COMPILATION_MODE = wholemodule;
				SWIFT_OPTIMIZATION_LEVEL = "-O";
				VALIDATE_PRODUCT = YES;
			};
			name = Release;
		};
		591F314621C798A800DEBDE5 /* Debug */ = {
			isa = XCBuildConfiguration;
			buildSettings = {
				ASSETCATALOG_COMPILER_APPICON_NAME = AppIcon;
				CODE_SIGN_STYLE = Automatic;
				INFOPLIST_FILE = SamsClub/Info.plist;
				LD_RUNPATH_SEARCH_PATHS = (
					"$(inherited)",
					"@executable_path/Frameworks",
				);
				PRODUCT_BUNDLE_IDENTIFIER = com.armando.SamsClub;
				PRODUCT_NAME = "$(TARGET_NAME)";
				SWIFT_VERSION = 4.2;
				TARGETED_DEVICE_FAMILY = "1,2";
			};
			name = Debug;
		};
		591F314721C798A800DEBDE5 /* Release */ = {
			isa = XCBuildConfiguration;
			buildSettings = {
				ASSETCATALOG_COMPILER_APPICON_NAME = AppIcon;
				CODE_SIGN_STYLE = Automatic;
				INFOPLIST_FILE = SamsClub/Info.plist;
				LD_RUNPATH_SEARCH_PATHS = (
					"$(inherited)",
					"@executable_path/Frameworks",
				);
				PRODUCT_BUNDLE_IDENTIFIER = com.armando.SamsClub;
				PRODUCT_NAME = "$(TARGET_NAME)";
				SWIFT_VERSION = 4.2;
				TARGETED_DEVICE_FAMILY = "1,2";
			};
			name = Release;
		};
		591F314921C798A800DEBDE5 /* Debug */ = {
			isa = XCBuildConfiguration;
			buildSettings = {
				ALWAYS_EMBED_SWIFT_STANDARD_LIBRARIES = YES;
				BUNDLE_LOADER = "$(TEST_HOST)";
				CODE_SIGN_STYLE = Automatic;
				INFOPLIST_FILE = SamsClubTests/Info.plist;
				LD_RUNPATH_SEARCH_PATHS = (
					"$(inherited)",
					"@executable_path/Frameworks",
					"@loader_path/Frameworks",
				);
				PRODUCT_BUNDLE_IDENTIFIER = com.armando.SamsClubTests;
				PRODUCT_NAME = "$(TARGET_NAME)";
				SWIFT_VERSION = 4.2;
				TARGETED_DEVICE_FAMILY = "1,2";
				TEST_HOST = "$(BUILT_PRODUCTS_DIR)/SamsClub.app/SamsClub";
			};
			name = Debug;
		};
		591F314A21C798A800DEBDE5 /* Release */ = {
			isa = XCBuildConfiguration;
			buildSettings = {
				ALWAYS_EMBED_SWIFT_STANDARD_LIBRARIES = YES;
				BUNDLE_LOADER = "$(TEST_HOST)";
				CODE_SIGN_STYLE = Automatic;
				INFOPLIST_FILE = SamsClubTests/Info.plist;
				LD_RUNPATH_SEARCH_PATHS = (
					"$(inherited)",
					"@executable_path/Frameworks",
					"@loader_path/Frameworks",
				);
				PRODUCT_BUNDLE_IDENTIFIER = com.armando.SamsClubTests;
				PRODUCT_NAME = "$(TARGET_NAME)";
				SWIFT_VERSION = 4.2;
				TARGETED_DEVICE_FAMILY = "1,2";
				TEST_HOST = "$(BUILT_PRODUCTS_DIR)/SamsClub.app/SamsClub";
			};
			name = Release;
		};
		591F314C21C798A800DEBDE5 /* Debug */ = {
			isa = XCBuildConfiguration;
			buildSettings = {
				ALWAYS_EMBED_SWIFT_STANDARD_LIBRARIES = YES;
				CODE_SIGN_STYLE = Automatic;
				INFOPLIST_FILE = SamsClubUITests/Info.plist;
				LD_RUNPATH_SEARCH_PATHS = (
					"$(inherited)",
					"@executable_path/Frameworks",
					"@loader_path/Frameworks",
				);
				PRODUCT_BUNDLE_IDENTIFIER = com.armando.SamsClubUITests;
				PRODUCT_NAME = "$(TARGET_NAME)";
				SWIFT_VERSION = 4.2;
				TARGETED_DEVICE_FAMILY = "1,2";
				TEST_TARGET_NAME = SamsClub;
			};
			name = Debug;
		};
		591F314D21C798A800DEBDE5 /* Release */ = {
			isa = XCBuildConfiguration;
			buildSettings = {
				ALWAYS_EMBED_SWIFT_STANDARD_LIBRARIES = YES;
				CODE_SIGN_STYLE = Automatic;
				INFOPLIST_FILE = SamsClubUITests/Info.plist;
				LD_RUNPATH_SEARCH_PATHS = (
					"$(inherited)",
					"@executable_path/Frameworks",
					"@loader_path/Frameworks",
				);
				PRODUCT_BUNDLE_IDENTIFIER = com.armando.SamsClubUITests;
				PRODUCT_NAME = "$(TARGET_NAME)";
				SWIFT_VERSION = 4.2;
				TARGETED_DEVICE_FAMILY = "1,2";
				TEST_TARGET_NAME = SamsClub;
			};
			name = Release;
		};
/* End XCBuildConfiguration section */

/* Begin XCConfigurationList section */
		591F311521C798A600DEBDE5 /* Build configuration list for PBXProject "SamsClub" */ = {
			isa = XCConfigurationList;
			buildConfigurations = (
				591F314321C798A800DEBDE5 /* Debug */,
				591F314421C798A800DEBDE5 /* Release */,
			);
			defaultConfigurationIsVisible = 0;
			defaultConfigurationName = Release;
		};
		591F314521C798A800DEBDE5 /* Build configuration list for PBXNativeTarget "SamsClub" */ = {
			isa = XCConfigurationList;
			buildConfigurations = (
				591F314621C798A800DEBDE5 /* Debug */,
				591F314721C798A800DEBDE5 /* Release */,
			);
			defaultConfigurationIsVisible = 0;
			defaultConfigurationName = Release;
		};
		591F314821C798A800DEBDE5 /* Build configuration list for PBXNativeTarget "SamsClubTests" */ = {
			isa = XCConfigurationList;
			buildConfigurations = (
				591F314921C798A800DEBDE5 /* Debug */,
				591F314A21C798A800DEBDE5 /* Release */,
			);
			defaultConfigurationIsVisible = 0;
			defaultConfigurationName = Release;
		};
		591F314B21C798A800DEBDE5 /* Build configuration list for PBXNativeTarget "SamsClubUITests" */ = {
			isa = XCConfigurationList;
			buildConfigurations = (
				591F314C21C798A800DEBDE5 /* Debug */,
				591F314D21C798A800DEBDE5 /* Release */,
			);
			defaultConfigurationIsVisible = 0;
			defaultConfigurationName = Release;
		};
/* End XCConfigurationList section */
	};
	rootObject = 591F311221C798A600DEBDE5 /* Project object */;
}
